PODS:
  - Alamofire (4.7.0)
  - ChameleonFramework (2.1.0):
    - ChameleonFramework/Default (= 2.1.0)
  - ChameleonFramework/Default (2.1.0)
  - GoogleMaps (2.6.0):
    - GoogleMaps/Maps (= 2.6.0)
  - GoogleMaps/Base (2.6.0)
  - GoogleMaps/Maps (2.6.0):
    - GoogleMaps/Base
  - GooglePlaces (2.6.0):
    - GoogleMaps/Base (= 2.6.0)
  - GooglePlacesPicker (1.2)
  - SwiftyJSON (4.0.0)

DEPENDENCIES:
  - Alamofire
  - ChameleonFramework
  - GoogleMaps
  - GooglePlaces
  - GooglePlacesPicker
  - SwiftyJSON

SPEC CHECKSUMS:
  Alamofire: 907e0a98eb68cdb7f9d1f541a563d6ac5dc77b25
  ChameleonFramework: d21a3cc247abfe5e37609a283a8238b03575cf64
  GoogleMaps: 42f91c68b7fa2f84d5c86597b18ceb99f5414c7f
  GooglePlaces: f6ddf33b75cef69e888907d9947c57198ed845f3
  GooglePlacesPicker: 7fc917a2b8800d7d5a46ff1bfc4c0939c0e4e12e
  SwiftyJSON: 070dabdcb1beb81b247c65ffa3a79dbbfb3b48aa

PODFILE CHECKSUM: 16ceacfcea8f2fed9abc7060841c36ddf0717662

COCOAPODS: 1.4.0
