// !$*UTF8*$!
{
	archiveVersion = 1;
	classes = {
	};
	objectVersion = 50;
	objects = {

/* Begin PBXBuildFile section */
		2792DFE3385790E8F437649E /* Pods_prayer_times.framework in Frameworks */ = {isa = PBXBuildFile; fileRef = 206F0D3CC82AE2C4E8AB098E /* Pods_prayer_times.framework */; };
		296A816E209B290300B70292 /* ChooseAnotherCity.swift in Sources */ = {isa = PBXBuildFile; fileRef = 296A816D209B290300B70292 /* ChooseAnotherCity.swift */; };
		297394CC20987D6700411F1A /* AppDelegate.swift in Sources */ = {isa = PBXBuildFile; fileRef = 297394CB20987D6700411F1A /* AppDelegate.swift */; };

		297394CE20987D6700411F1A /* MAinCity.swift in Sources */ = {isa = PBXBuildFile; fileRef = 297394CD20987D6700411F1A /* MAinCity.swift */; };
		297394D120987D6700411F1A /* Main.storyboard in Resources */ = {isa = PBXBuildFile; fileRef = 297394CF20987D6700411F1A /* Main.storyboard */; };
		297394D320987D6F00411F1A /* Assets.xcassets in Resources */ = {isa = PBXBuildFile; fileRef = 297394D220987D6F00411F1A /* Assets.xcassets */; };
		297394D620987D6F00411F1A /* LaunchScreen.storyboard in Resources */ = {isa = PBXBuildFile; fileRef = 297394D420987D6F00411F1A /* LaunchScreen.storyboard */; };
		8D4CC00B20A02AA5000923D7 /* DisplayAnotherCity.swift in Sources */ = {isa = PBXBuildFile; fileRef = 8D4CC00A20A02AA5000923D7 /* DisplayAnotherCity.swift */; };

/* End PBXBuildFile section */

/* Begin PBXFileReference section */
		206F0D3CC82AE2C4E8AB098E /* Pods_prayer_times.framework */ = {isa = PBXFileReference; explicitFileType = wrapper.framework; includeInIndex = 0; path = Pods_prayer_times.framework; sourceTree = BUILT_PRODUCTS_DIR; };
		296A816D209B290300B70292 /* ChooseAnotherCity.swift */ = {isa = PBXFileReference; lastKnownFileType = sourcecode.swift; path = ChooseAnotherCity.swift; sourceTree = "<group>"; };
		297394C820987D6700411F1A /* prayer times.app */ = {isa = PBXFileReference; explicitFileType = wrapper.application; includeInIndex = 0; path = "prayer times.app"; sourceTree = BUILT_PRODUCTS_DIR; };
		297394CB20987D6700411F1A /* AppDelegate.swift */ = {isa = PBXFileReference; lastKnownFileType = sourcecode.swift; path = AppDelegate.swift; sourceTree = "<group>"; };

		297394CD20987D6700411F1A /* MAinCity.swift */ = {isa = PBXFileReference; lastKnownFileType = sourcecode.swift; path = MAinCity.swift; sourceTree = "<group>"; };
		297394D020987D6700411F1A /* Base */ = {isa = PBXFileReference; lastKnownFileType = file.storyboard; name = Base; path = Base.lproj/Main.storyboard; sourceTree = "<group>"; };
		297394D220987D6F00411F1A /* Assets.xcassets */ = {isa = PBXFileReference; lastKnownFileType = folder.assetcatalog; path = Assets.xcassets; sourceTree = "<group>"; };
		297394D520987D6F00411F1A /* Base */ = {isa = PBXFileReference; lastKnownFileType = file.storyboard; name = Base; path = Base.lproj/LaunchScreen.storyboard; sourceTree = "<group>"; };
		297394D720987D6F00411F1A /* Info.plist */ = {isa = PBXFileReference; lastKnownFileType = text.plist.xml; path = Info.plist; sourceTree = "<group>"; };
		4BCFB933F7D3DE5FC3EFA3A3 /* Pods-prayer times.debug.xcconfig */ = {isa = PBXFileReference; includeInIndex = 1; lastKnownFileType = text.xcconfig; name = "Pods-prayer times.debug.xcconfig"; path = "Pods/Target Support Files/Pods-prayer times/Pods-prayer times.debug.xcconfig"; sourceTree = "<group>"; };
		617618D8E5BC67783F14214F /* Pods-prayer times.release.xcconfig */ = {isa = PBXFileReference; includeInIndex = 1; lastKnownFileType = text.xcconfig; name = "Pods-prayer times.release.xcconfig"; path = "Pods/Target Support Files/Pods-prayer times/Pods-prayer times.release.xcconfig"; sourceTree = "<group>"; };
		8D4CC00A20A02AA5000923D7 /* DisplayAnotherCity.swift */ = {isa = PBXFileReference; lastKnownFileType = sourcecode.swift; path = DisplayAnotherCity.swift; sourceTree = "<group>"; };

/* End PBXFileReference section */

/* Begin PBXFrameworksBuildPhase section */
		297394C520987D6700411F1A /* Frameworks */ = {
			isa = PBXFrameworksBuildPhase;
			buildActionMask = 2147483647;
			files = (
				2792DFE3385790E8F437649E /* Pods_prayer_times.framework in Frameworks */,
			);
			runOnlyForDeploymentPostprocessing = 0;
		};
/* End PBXFrameworksBuildPhase section */

/* Begin PBXGroup section */
		205A2DB9DB8D2438D8D3CCDD /* Frameworks */ = {
			isa = PBXGroup;
			children = (
				206F0D3CC82AE2C4E8AB098E /* Pods_prayer_times.framework */,
			);
			name = Frameworks;
			sourceTree = "<group>";
		};
		297394BF20987D6700411F1A = {
			isa = PBXGroup;
			children = (
				297394CA20987D6700411F1A /* prayer times */,
				297394C920987D6700411F1A /* Products */,
				D211FB17D5315F4CB1455F9B /* Pods */,
				205A2DB9DB8D2438D8D3CCDD /* Frameworks */,
			);
			sourceTree = "<group>";
		};
		297394C920987D6700411F1A /* Products */ = {
			isa = PBXGroup;
			children = (
				297394C820987D6700411F1A /* prayer times.app */,
			);
			name = Products;
			sourceTree = "<group>";
		};
		297394CA20987D6700411F1A /* prayer times */ = {
			isa = PBXGroup;
			children = (
				297394DF2098876600411F1A /* Controller */,
				297394DE2098875D00411F1A /* Model */,
				297394DD2098874F00411F1A /* View */,
				297394E02098879700411F1A /* Supporting Files */,
			);
			path = "prayer times";
			sourceTree = "<group>";
		};
		297394DD2098874F00411F1A /* View */ = {
			isa = PBXGroup;
			children = (
				297394CF20987D6700411F1A /* Main.storyboard */,
				297394D420987D6F00411F1A /* LaunchScreen.storyboard */,
			);
			path = View;
			sourceTree = "<group>";
		};
		297394DE2098875D00411F1A /* Model */ = {
			isa = PBXGroup;
			children = (
			);
			path = Model;
			sourceTree = "<group>";
		};
		297394DF2098876600411F1A /* Controller */ = {
			isa = PBXGroup;
			children = (
				8DA8723E20A308CC00BBDB15 /* 019--1.mp3 */,
				297394CB20987D6700411F1A /* AppDelegate.swift */,

				297394CD20987D6700411F1A /* MAinCity.swift */,
				296A816D209B290300B70292 /* ChooseAnotherCity.swift */,
				8D4CC00A20A02AA5000923D7 /* DisplayAnotherCity.swift */,
			);
			path = Controller;
			sourceTree = "<group>";
		};
		297394E02098879700411F1A /* Supporting Files */ = {
			isa = PBXGroup;
			children = (
				297394D220987D6F00411F1A /* Assets.xcassets */,
				297394D720987D6F00411F1A /* Info.plist */,
			);
			path = "Supporting Files";
			sourceTree = "<group>";
		};
		D211FB17D5315F4CB1455F9B /* Pods */ = {
			isa = PBXGroup;
			children = (
				4BCFB933F7D3DE5FC3EFA3A3 /* Pods-prayer times.debug.xcconfig */,
				617618D8E5BC67783F14214F /* Pods-prayer times.release.xcconfig */,
			);
			name = Pods;
			sourceTree = "<group>";
		};
/* End PBXGroup section */

/* Begin PBXNativeTarget section */
		297394C720987D6700411F1A /* prayer times */ = {
			isa = PBXNativeTarget;
			buildConfigurationList = 297394DA20987D6F00411F1A /* Build configuration list for PBXNativeTarget "prayer times" */;
			buildPhases = (
				FD1A84C613FB0F23F20E4F3D /* [CP] Check Pods Manifest.lock */,
				297394C420987D6700411F1A /* Sources */,
				297394C520987D6700411F1A /* Frameworks */,
				297394C620987D6700411F1A /* Resources */,
				14156B95E768E842E3AD4F4D /* [CP] Embed Pods Frameworks */,
				BD1AB678D8E4C5CEA0CF4787 /* [CP] Copy Pods Resources */,
			);
			buildRules = (
			);
			dependencies = (
			);
			name = "prayer times";
			productName = "prayer times";
			productReference = 297394C820987D6700411F1A /* prayer times.app */;
			productType = "com.apple.product-type.application";
		};
/* End PBXNativeTarget section */

/* Begin PBXProject section */
		297394C020987D6700411F1A /* Project object */ = {
			isa = PBXProject;
			attributes = {
				LastSwiftUpdateCheck = 0930;
				LastUpgradeCheck = 0930;
				ORGANIZATIONNAME = "hammam abdulaziz";
				TargetAttributes = {
					297394C720987D6700411F1A = {
						CreatedOnToolsVersion = 9.3;
						LastSwiftMigration = 0930;
					};
				};
			};
			buildConfigurationList = 297394C320987D6700411F1A /* Build configuration list for PBXProject "prayer times" */;
			compatibilityVersion = "Xcode 9.3";
			developmentRegion = en;
			hasScannedForEncodings = 0;
			knownRegions = (
				en,
				Base,
			);
			mainGroup = 297394BF20987D6700411F1A;
			productRefGroup = 297394C920987D6700411F1A /* Products */;
			projectDirPath = "";
			projectRoot = "";
			targets = (
				297394C720987D6700411F1A /* prayer times */,
			);
		};
/* End PBXProject section */

/* Begin PBXResourcesBuildPhase section */
		297394C620987D6700411F1A /* Resources */ = {
			isa = PBXResourcesBuildPhase;
			buildActionMask = 2147483647;
			files = (
				297394D620987D6F00411F1A /* LaunchScreen.storyboard in Resources */,
				8DA8723F20A308CC00BBDB15 /* 019--1.mp3 in Resources */,
				297394D320987D6F00411F1A /* Assets.xcassets in Resources */,
				297394D120987D6700411F1A /* Main.storyboard in Resources */,
			);
			runOnlyForDeploymentPostprocessing = 0;
		};
/* End PBXResourcesBuildPhase section */

/* Begin PBXShellScriptBuildPhase section */
		14156B95E768E842E3AD4F4D /* [CP] Embed Pods Frameworks */ = {
			isa = PBXShellScriptBuildPhase;
			buildActionMask = 2147483647;
			files = (
			);
			inputPaths = (
				"${SRCROOT}/Pods/Target Support Files/Pods-prayer times/Pods-prayer times-frameworks.sh",
				"${BUILT_PRODUCTS_DIR}/Alamofire/Alamofire.framework",
				"${BUILT_PRODUCTS_DIR}/ChameleonFramework/ChameleonFramework.framework",
				"${BUILT_PRODUCTS_DIR}/GooglePlacesPicker/GooglePlacesPicker.framework",
				"${BUILT_PRODUCTS_DIR}/SVProgressHUD/SVProgressHUD.framework",
				"${BUILT_PRODUCTS_DIR}/SwiftyJSON/SwiftyJSON.framework",
			);
			name = "[CP] Embed Pods Frameworks";
			outputPaths = (
				"${TARGET_BUILD_DIR}/${FRAMEWORKS_FOLDER_PATH}/Alamofire.framework",
				"${TARGET_BUILD_DIR}/${FRAMEWORKS_FOLDER_PATH}/ChameleonFramework.framework",
				"${TARGET_BUILD_DIR}/${FRAMEWORKS_FOLDER_PATH}/GooglePlacesPicker.framework",
				"${TARGET_BUILD_DIR}/${FRAMEWORKS_FOLDER_PATH}/SVProgressHUD.framework",
				"${TARGET_BUILD_DIR}/${FRAMEWORKS_FOLDER_PATH}/SwiftyJSON.framework",
			);
			runOnlyForDeploymentPostprocessing = 0;
			shellPath = /bin/sh;
			shellScript = "\"${SRCROOT}/Pods/Target Support Files/Pods-prayer times/Pods-prayer times-frameworks.sh\"\n";
			showEnvVarsInLog = 0;
		};
		BD1AB678D8E4C5CEA0CF4787 /* [CP] Copy Pods Resources */ = {
			isa = PBXShellScriptBuildPhase;
			buildActionMask = 2147483647;
			files = (
			);
			inputPaths = (
				"${SRCROOT}/Pods/Target Support Files/Pods-prayer times/Pods-prayer times-resources.sh",
				"${PODS_ROOT}/GoogleMaps/Maps/Frameworks/GoogleMaps.framework/Resources/GoogleMaps.bundle",
				"${PODS_ROOT}/GooglePlaces/Frameworks/GooglePlaces.framework/Resources/GooglePlaces.bundle",
			);
			name = "[CP] Copy Pods Resources";
			outputPaths = (
				"${TARGET_BUILD_DIR}/${UNLOCALIZED_RESOURCES_FOLDER_PATH}/GoogleMaps.bundle",
				"${TARGET_BUILD_DIR}/${UNLOCALIZED_RESOURCES_FOLDER_PATH}/GooglePlaces.bundle",
			);
			runOnlyForDeploymentPostprocessing = 0;
			shellPath = /bin/sh;
			shellScript = "\"${SRCROOT}/Pods/Target Support Files/Pods-prayer times/Pods-prayer times-resources.sh\"\n";
			showEnvVarsInLog = 0;
		};
		FD1A84C613FB0F23F20E4F3D /* [CP] Check Pods Manifest.lock */ = {
			isa = PBXShellScriptBuildPhase;
			buildActionMask = 2147483647;
			files = (
			);
			inputPaths = (
				"${PODS_PODFILE_DIR_PATH}/Podfile.lock",
				"${PODS_ROOT}/Manifest.lock",
			);
			name = "[CP] Check Pods Manifest.lock";
			outputPaths = (
				"$(DERIVED_FILE_DIR)/Pods-prayer times-checkManifestLockResult.txt",
			);
			runOnlyForDeploymentPostprocessing = 0;
			shellPath = /bin/sh;
			shellScript = "diff \"${PODS_PODFILE_DIR_PATH}/Podfile.lock\" \"${PODS_ROOT}/Manifest.lock\" > /dev/null\nif [ $? != 0 ] ; then\n    # print error to STDERR\n    echo \"error: The sandbox is not in sync with the Podfile.lock. Run 'pod install' or update your CocoaPods installation.\" >&2\n    exit 1\nfi\n# This output is used by Xcode 'outputs' to avoid re-running this script phase.\necho \"SUCCESS\" > \"${SCRIPT_OUTPUT_FILE_0}\"\n";
			showEnvVarsInLog = 0;
		};
/* End PBXShellScriptBuildPhase section */

/* Begin PBXSourcesBuildPhase section */
		297394C420987D6700411F1A /* Sources */ = {
			isa = PBXSourcesBuildPhase;
			buildActionMask = 2147483647;
			files = (
				8D4CC00B20A02AA5000923D7 /* DisplayAnotherCity.swift in Sources */,

				297394CE20987D6700411F1A /* MAinCity.swift in Sources */,
				297394CC20987D6700411F1A /* AppDelegate.swift in Sources */,
				296A816E209B290300B70292 /* ChooseAnotherCity.swift in Sources */,
			);
			runOnlyForDeploymentPostprocessing = 0;
		};
/* End PBXSourcesBuildPhase section */

/* Begin PBXVariantGroup section */
		297394CF20987D6700411F1A /* Main.storyboard */ = {
			isa = PBXVariantGroup;
			children = (
				297394D020987D6700411F1A /* Base */,
			);
			name = Main.storyboard;
			sourceTree = "<group>";
		};
		297394D420987D6F00411F1A /* LaunchScreen.storyboard */ = {
			isa = PBXVariantGroup;
			children = (
				297394D520987D6F00411F1A /* Base */,
			);
			name = LaunchScreen.storyboard;
			sourceTree = "<group>";
		};
/* End PBXVariantGroup section */

/* Begin XCBuildConfiguration section */
		297394D820987D6F00411F1A /* Debug */ = {
			isa = XCBuildConfiguration;
			buildSettings = {
				ALWAYS_SEARCH_USER_PATHS = NO;
				CLANG_ANALYZER_NONNULL = YES;
				CLANG_ANALYZER_NUMBER_OBJECT_CONVERSION = YES_AGGRESSIVE;
				CLANG_CXX_LANGUAGE_STANDARD = "gnu++14";
				CLANG_CXX_LIBRARY = "libc++";
				CLANG_ENABLE_MODULES = YES;
				CLANG_ENABLE_OBJC_ARC = YES;
				CLANG_ENABLE_OBJC_WEAK = YES;
				CLANG_WARN_BLOCK_CAPTURE_AUTORELEASING = YES;
				CLANG_WARN_BOOL_CONVERSION = YES;
				CLANG_WARN_COMMA = YES;
				CLANG_WARN_CONSTANT_CONVERSION = YES;
				CLANG_WARN_DEPRECATED_OBJC_IMPLEMENTATIONS = YES;
				CLANG_WARN_DIRECT_OBJC_ISA_USAGE = YES_ERROR;
				CLANG_WARN_DOCUMENTATION_COMMENTS = YES;
				CLANG_WARN_EMPTY_BODY = YES;
				CLANG_WARN_ENUM_CONVERSION = YES;
				CLANG_WARN_INFINITE_RECURSION = YES;
				CLANG_WARN_INT_CONVERSION = YES;
				CLANG_WARN_NON_LITERAL_NULL_CONVERSION = YES;
				CLANG_WARN_OBJC_IMPLICIT_RETAIN_SELF = YES;
				CLANG_WARN_OBJC_LITERAL_CONVERSION = YES;
				CLANG_WARN_OBJC_ROOT_CLASS = YES_ERROR;
				CLANG_WARN_RANGE_LOOP_ANALYSIS = YES;
				CLANG_WARN_STRICT_PROTOTYPES = YES;
				CLANG_WARN_SUSPICIOUS_MOVE = YES;
				CLANG_WARN_UNGUARDED_AVAILABILITY = YES_AGGRESSIVE;
				CLANG_WARN_UNREACHABLE_CODE = YES;
				CLANG_WARN__DUPLICATE_METHOD_MATCH = YES;
				CODE_SIGN_IDENTITY = "iPhone Developer";
				COPY_PHASE_STRIP = NO;
				DEBUG_INFORMATION_FORMAT = dwarf;
				ENABLE_STRICT_OBJC_MSGSEND = YES;
				ENABLE_TESTABILITY = YES;
				GCC_C_LANGUAGE_STANDARD = gnu11;
				GCC_DYNAMIC_NO_PIC = NO;
				GCC_NO_COMMON_BLOCKS = YES;
				GCC_OPTIMIZATION_LEVEL = 0;
				GCC_PREPROCESSOR_DEFINITIONS = (
					"DEBUG=1",
					"$(inherited)",
				);
				GCC_WARN_64_TO_32_BIT_CONVERSION = YES;
				GCC_WARN_ABOUT_RETURN_TYPE = YES_ERROR;
				GCC_WARN_UNDECLARED_SELECTOR = YES;
				GCC_WARN_UNINITIALIZED_AUTOS = YES_AGGRESSIVE;
				GCC_WARN_UNUSED_FUNCTION = YES;
				GCC_WARN_UNUSED_VARIABLE = YES;
				IPHONEOS_DEPLOYMENT_TARGET = 11.3;
				MTL_ENABLE_DEBUG_INFO = YES;
				ONLY_ACTIVE_ARCH = YES;
				SDKROOT = iphoneos;
				SWIFT_ACTIVE_COMPILATION_CONDITIONS = DEBUG;
				SWIFT_OPTIMIZATION_LEVEL = "-Onone";
			};
			name = Debug;
		};
		297394D920987D6F00411F1A /* Release */ = {
			isa = XCBuildConfiguration;
			buildSettings = {
				ALWAYS_SEARCH_USER_PATHS = NO;
				CLANG_ANALYZER_NONNULL = YES;
				CLANG_ANALYZER_NUMBER_OBJECT_CONVERSION = YES_AGGRESSIVE;
				CLANG_CXX_LANGUAGE_STANDARD = "gnu++14";
				CLANG_CXX_LIBRARY = "libc++";
				CLANG_ENABLE_MODULES = YES;
				CLANG_ENABLE_OBJC_ARC = YES;
				CLANG_ENABLE_OBJC_WEAK = YES;
				CLANG_WARN_BLOCK_CAPTURE_AUTORELEASING = YES;
				CLANG_WARN_BOOL_CONVERSION = YES;
				CLANG_WARN_COMMA = YES;
				CLANG_WARN_CONSTANT_CONVERSION = YES;
				CLANG_WARN_DEPRECATED_OBJC_IMPLEMENTATIONS = YES;
				CLANG_WARN_DIRECT_OBJC_ISA_USAGE = YES_ERROR;
				CLANG_WARN_DOCUMENTATION_COMMENTS = YES;
				CLANG_WARN_EMPTY_BODY = YES;
				CLANG_WARN_ENUM_CONVERSION = YES;
				CLANG_WARN_INFINITE_RECURSION = YES;
				CLANG_WARN_INT_CONVERSION = YES;
				CLANG_WARN_NON_LITERAL_NULL_CONVERSION = YES;
				CLANG_WARN_OBJC_IMPLICIT_RETAIN_SELF = YES;
				CLANG_WARN_OBJC_LITERAL_CONVERSION = YES;
				CLANG_WARN_OBJC_ROOT_CLASS = YES_ERROR;
				CLANG_WARN_RANGE_LOOP_ANALYSIS = YES;
				CLANG_WARN_STRICT_PROTOTYPES = YES;
				CLANG_WARN_SUSPICIOUS_MOVE = YES;
				CLANG_WARN_UNGUARDED_AVAILABILITY = YES_AGGRESSIVE;
				CLANG_WARN_UNREACHABLE_CODE = YES;
				CLANG_WARN__DUPLICATE_METHOD_MATCH = YES;
				CODE_SIGN_IDENTITY = "iPhone Developer";
				COPY_PHASE_STRIP = NO;
				DEBUG_INFORMATION_FORMAT = "dwarf-with-dsym";
				ENABLE_NS_ASSERTIONS = NO;
				ENABLE_STRICT_OBJC_MSGSEND = YES;
				GCC_C_LANGUAGE_STANDARD = gnu11;
				GCC_NO_COMMON_BLOCKS = YES;
				GCC_WARN_64_TO_32_BIT_CONVERSION = YES;
				GCC_WARN_ABOUT_RETURN_TYPE = YES_ERROR;
				GCC_WARN_UNDECLARED_SELECTOR = YES;
				GCC_WARN_UNINITIALIZED_AUTOS = YES_AGGRESSIVE;
				GCC_WARN_UNUSED_FUNCTION = YES;
				GCC_WARN_UNUSED_VARIABLE = YES;
				IPHONEOS_DEPLOYMENT_TARGET = 11.3;
				MTL_ENABLE_DEBUG_INFO = NO;
				SDKROOT = iphoneos;
				SWIFT_COMPILATION_MODE = wholemodule;
				SWIFT_OPTIMIZATION_LEVEL = "-O";
				VALIDATE_PRODUCT = YES;
			};
			name = Release;
		};
		297394DB20987D6F00411F1A /* Debug */ = {
			isa = XCBuildConfiguration;
			baseConfigurationReference = 4BCFB933F7D3DE5FC3EFA3A3 /* Pods-prayer times.debug.xcconfig */;
			buildSettings = {
				ASSETCATALOG_COMPILER_APPICON_NAME = AppIcon;
				ASSETCATALOG_COMPILER_LAUNCHIMAGE_NAME = LaunchImage;
				CLANG_ENABLE_MODULES = YES;
				CODE_SIGN_IDENTITY = "iPhone Developer";
				CODE_SIGN_STYLE = Automatic;
				DEVELOPMENT_TEAM = "";
				INFOPLIST_FILE = "$(SRCROOT)/prayer times/Supporting Files/Info.plist";
				LD_RUNPATH_SEARCH_PATHS = "$(inherited) @executable_path/Frameworks";
				PRODUCT_BUNDLE_IDENTIFIER = "hammam.prayer-times";
				PRODUCT_NAME = "$(TARGET_NAME)";
				PROVISIONING_PROFILE_SPECIFIER = "";
				SWIFT_OPTIMIZATION_LEVEL = "-Onone";
				SWIFT_VERSION = 4.0;
				TARGETED_DEVICE_FAMILY = "1,2";
			};
			name = Debug;
		};
		297394DC20987D6F00411F1A /* Release */ = {
			isa = XCBuildConfiguration;
			baseConfigurationReference = 617618D8E5BC67783F14214F /* Pods-prayer times.release.xcconfig */;
			buildSettings = {
				ASSETCATALOG_COMPILER_APPICON_NAME = AppIcon;
				ASSETCATALOG_COMPILER_LAUNCHIMAGE_NAME = LaunchImage;
				CLANG_ENABLE_MODULES = YES;
				CODE_SIGN_IDENTITY = "iPhone Developer";
				CODE_SIGN_STYLE = Automatic;
				DEVELOPMENT_TEAM = "";
				INFOPLIST_FILE = "$(SRCROOT)/prayer times/Supporting Files/Info.plist";
				LD_RUNPATH_SEARCH_PATHS = "$(inherited) @executable_path/Frameworks";
				PRODUCT_BUNDLE_IDENTIFIER = "hammam.prayer-times";
				PRODUCT_NAME = "$(TARGET_NAME)";
				PROVISIONING_PROFILE_SPECIFIER = "";
				SWIFT_VERSION = 4.0;
				TARGETED_DEVICE_FAMILY = "1,2";
			};
			name = Release;
		};
/* End XCBuildConfiguration section */

/* Begin XCConfigurationList section */
		297394C320987D6700411F1A /* Build configuration list for PBXProject "prayer times" */ = {
			isa = XCConfigurationList;
			buildConfigurations = (
				297394D820987D6F00411F1A /* Debug */,
				297394D920987D6F00411F1A /* Release */,
			);
			defaultConfigurationIsVisible = 0;
			defaultConfigurationName = Release;
		};
		297394DA20987D6F00411F1A /* Build configuration list for PBXNativeTarget "prayer times" */ = {
			isa = XCConfigurationList;
			buildConfigurations = (
				297394DB20987D6F00411F1A /* Debug */,
				297394DC20987D6F00411F1A /* Release */,
			);
			defaultConfigurationIsVisible = 0;
			defaultConfigurationName = Release;
		};
/* End XCConfigurationList section */
	};
	rootObject = 297394C020987D6700411F1A /* Project object */;
}
